<?xml version="1.0" encoding="utf-8"?>
<Project ToolsVersion="4.0" xmlns="http://schemas.microsoft.com/developer/msbuild/2003">
  <ItemGroup>
    <Filter Include="Source Files">
      <UniqueIdentifier>{4FC737F1-C7A5-4376-A066-2A32D752A2FF}</UniqueIdentifier>
      <Extensions>cpp;c;cc;cxx;def;odl;idl;hpj;bat;asm;asmx</Extensions>
    </Filter>
    <Filter Include="Header Files">
      <UniqueIdentifier>{93995380-89BD-4b04-88EB-625FBE52EBFB}</UniqueIdentifier>
      <Extensions>h;hh;hpp;hxx;hm;inl;inc;xsd</Extensions>
    </Filter>
    <Filter Include="Resource Files">
      <UniqueIdentifier>{67DA6AB6-F800-4c08-8B7A-83BB121AAD01}</UniqueIdentifier>
      <Extensions>rc;ico;cur;bmp;dlg;rc2;rct;bin;rgs;gif;jpg;jpeg;jpe;resx;tiff;tif;png;wav;mfcribbon-ms</Extensions>
    </Filter>
  </ItemGroup>
  <ItemGroup>
    <ClCompile Include="main.cpp">
      <Filter>Source Files</Filter>
    </ClCompile>
    <ClCompile Include="amount.cpp">
      <Filter>Source Files</Filter>
    </ClCompile>
    <ClCompile Include="customer.cpp">
      <Filter>Source Files</Filter>
    </ClCompile>
    <ClCompile Include="deletebooking.cpp">
      <Filter>Source Files</Filter>
    </ClCompile>
    <ClCompile Include="deleterecord.cpp">
      <Filter>Source Files</Filter>
    </ClCompile>
    <ClCompile Include="delfwrecord.cpp">
      <Filter>Source Files</Filter>
    </ClCompile>
    <ClCompile Include="delthwrecord.cpp">
      <Filter>Source Files</Filter>
    </ClCompile>
    <ClCompile Include="deltwrecord.cpp">
      <Filter>Source Files</Filter>
    </ClCompile>
    <ClCompile Include="detailbooking.cpp">
      <Filter>Source Files</Filter>
    </ClCompile>
    <ClCompile Include="fourwheeler.cpp">
      <Filter>Source Files</Filter>
    </ClCompile>
    <ClCompile Include="fwrecord.cpp">
      <Filter>Source Files</Filter>
    </ClCompile>
    <ClCompile Include="fwsearchrecord.cpp">
      <Filter>Source Files</Filter>
    </ClCompile>
    <ClCompile Include="parkingslot.cpp">
      <Filter>Source Files</Filter>
    </ClCompile>
    <ClCompile Include="searchbooking.cpp">
      <Filter>Source Files</Filter>
    </ClCompile>
    <ClCompile Include="searchrecord.cpp">
      <Filter>Source Files</Filter>
    </ClCompile>
    <ClCompile Include="threeWheeler.cpp">
      <Filter>Source Files</Filter>
    </ClCompile>
    <ClCompile Include="thWrecordcpp.cpp">
      <Filter>Source Files</Filter>
    </ClCompile>
    <ClCompile Include="thwSearchreacord.cpp">
      <Filter>Source Files</Filter>
    </ClCompile>
    <ClCompile Include="twowheeler.cpp">
      <Filter>Source Files</Filter>
    </ClCompile>
    <ClCompile Include="twrecord.cpp">
      <Filter>Source Files</Filter>
    </ClCompile>
    <ClCompile Include="twsearchrecord.cpp">
      <Filter>Source Files</Filter>
    </ClCompile>
    <ClCompile Include="Vehicle.cpp">
      <Filter>Source Files</Filter>
    </ClCompile>
    <ClCompile Include="showrecord.cpp">
      <Filter>Source Files</Filter>
    </ClCompile>
  </ItemGroup>
  <ItemGroup>
    <ClInclude Include="amount.h">
      <Filter>Header Files</Filter>
    </ClInclude>
    <ClInclude Include="customer.h">
      <Filter>Header Files</Filter>
    </ClInclude>
    <ClInclude Include="deletebooking.h">
      <Filter>Header Files</Filter>
    </ClInclude>
    <ClInclude Include="deleterecord.h">
      <Filter>Header Files</Filter>
    </ClInclude>
    <ClInclude Include="delfwrecord.h">
      <Filter>Header Files</Filter>
    </ClInclude>
    <ClInclude Include="delthwrecord.h">
      <Filter>Header Files</Filter>
    </ClInclude>
    <ClInclude Include="deltwrecord.h">
      <Filter>Header Files</Filter>
    </ClInclude>
    <ClInclude Include="detailbooking.h">
      <Filter>Header Files</Filter>
    </ClInclude>
    <ClInclude Include="file.h">
      <Filter>Header Files</Filter>
    </ClInclude>
    <ClInclude Include="fourwheeler.h">
      <Filter>Header Files</Filter>
    </ClInclude>
    <ClInclude Include="fwrecord.h">
      <Filter>Header Files</Filter>
    </ClInclude>
    <ClInclude Include="fwsearchrecord.h">
      <Filter>Header Files</Filter>
    </ClInclude>
    <ClInclude Include="parkingslot.h">
      <Filter>Header Files</Filter>
    </ClInclude>
    <ClInclude Include="searchbooking.h">
      <Filter>Header Files</Filter>
    </ClInclude>
    <ClInclude Include="searchrecord.h">
      <Filter>Header Files</Filter>
    </ClInclude>
    <ClInclude Include="treeWheeler.h">
      <Filter>Header Files</Filter>
    </ClInclude>
    <ClInclude Include="thWrecord.h">
      <Filter>Header Files</Filter>
    </ClInclude>
    <ClInclude Include="twhsearchrecord.h">
      <Filter>Header Files</Filter>
    </ClInclude>
    <ClInclude Include="twowheeler.h">
      <Filter>Header Files</Filter>
    </ClInclude>
    <ClInclude Include="twrecord.h">
      <Filter>Header Files</Filter>
    </ClInclude>
    <ClInclude Include="twsearchrecord.h">
      <Filter>Header Files</Filter>
    </ClInclude>
    <ClInclude Include="Vehicle.h">
      <Filter>Header Files</Filter>
    </ClInclude>
    <ClInclude Include="showrecord.h">
      <Filter>Header Files</Filter>
    </ClInclude>
  </ItemGroup>
</Project>